
Microsoft Visual Studio Solution File, Format Version 12.00
# Visual Studio Version 17
VisualStudioVersion = 17.3.32922.545
MinimumVisualStudioVersion = 10.0.40219.1
Project("{FAE04EC0-301F-11D3-BF4B-00C04F79EFBC}") = "Labirint", "Labirint\Labirint.csproj", "{46359CB6-970B-4ABC-BD00-9119A855FEF0}"
EndProject
Global
	GlobalSection(SolutionConfigurationPlatforms) = preSolution
		Debug|Any CPU = Debug|Any CPU
		Release|Any CPU = Release|Any CPU
	EndGlobalSection
	GlobalSection(ProjectConfigurationPlatforms) = postSolution
		{46359CB6-970B-4ABC-BD00-9119A855FEF0}.Debug|Any CPU.ActiveCfg = Debug|Any CPU
		{46359CB6-970B-4ABC-BD00-9119A855FEF0}.Debug|Any CPU.Build.0 = Debug|Any CPU
		{46359CB6-970B-4ABC-BD00-9119A855FEF0}.Release|Any CPU.ActiveCfg = Release|Any CPU
		{46359CB6-970B-4ABC-BD00-9119A855FEF0}.Release|Any CPU.Build.0 = Release|Any CPU
	EndGlobalSection
	GlobalSection(SolutionProperties) = preSolution
		HideSolutionNode = FALSE
	EndGlobalSection
	GlobalSection(ExtensibilityGlobals) = postSolution
		SolutionGuid = {5A6A55CB-2882-47EF-B4EE-FFC0C42A4E42}
	EndGlobalSection
EndGlobal
